
Microsoft Visual Studio Solution File, Format Version 12.00
# Visual Studio Version 16
VisualStudioVersion = 25.0.1705.6
MinimumVisualStudioVersion = 10.0.40219.1
Project("{FAE04EC0-301F-11D3-BF4B-00C04F79EFBC}") = "GreeneCareWeb", "GreeneCareWeb\GreeneCareWeb.csproj", "{8149C55A-3094-4369-9F52-B308B7B56E79}"
EndProject
Global
	GlobalSection(SolutionConfigurationPlatforms) = preSolution
		Debug|Any CPU = Debug|Any CPU
		Release|Any CPU = Release|Any CPU
	EndGlobalSection
	GlobalSection(ProjectConfigurationPlatforms) = postSolution
		{8149C55A-3094-4369-9F52-B308B7B56E79}.Debug|Any CPU.ActiveCfg = Debug|Any CPU
		{8149C55A-3094-4369-9F52-B308B7B56E79}.Debug|Any CPU.Build.0 = Debug|Any CPU
		{8149C55A-3094-4369-9F52-B308B7B56E79}.Release|Any CPU.ActiveCfg = Release|Any CPU
		{8149C55A-3094-4369-9F52-B308B7B56E79}.Release|Any CPU.Build.0 = Release|Any CPU
	EndGlobalSection
	GlobalSection(SolutionProperties) = preSolution
		HideSolutionNode = FALSE
	EndGlobalSection
	GlobalSection(ExtensibilityGlobals) = postSolution
		SolutionGuid = {CCC415D1-3E3E-4426-A87E-AC92AB856FC5}
	EndGlobalSection
EndGlobal
